
Microsoft Visual Studio Solution File, Format Version 12.00
# Visual Studio Version 16
VisualStudioVersion = 16.0.31410.357
MinimumVisualStudioVersion = 10.0.40219.1
Project("{FAE04EC0-301F-11D3-BF4B-00C04F79EFBC}") = "TestandoGitHub", "TestandoGitHub\TestandoGitHub.csproj", "{97F25237-7104-4A86-808E-D59CF0AF17B2}"
EndProject
Global
	GlobalSection(SolutionConfigurationPlatforms) = preSolution
		Debug|Any CPU = Debug|Any CPU
		Release|Any CPU = Release|Any CPU
	EndGlobalSection
	GlobalSection(ProjectConfigurationPlatforms) = postSolution
		{97F25237-7104-4A86-808E-D59CF0AF17B2}.Debug|Any CPU.ActiveCfg = Debug|Any CPU
		{97F25237-7104-4A86-808E-D59CF0AF17B2}.Debug|Any CPU.Build.0 = Debug|Any CPU
		{97F25237-7104-4A86-808E-D59CF0AF17B2}.Release|Any CPU.ActiveCfg = Release|Any CPU
		{97F25237-7104-4A86-808E-D59CF0AF17B2}.Release|Any CPU.Build.0 = Release|Any CPU
	EndGlobalSection
	GlobalSection(SolutionProperties) = preSolution
		HideSolutionNode = FALSE
	EndGlobalSection
	GlobalSection(ExtensibilityGlobals) = postSolution
		SolutionGuid = {11902B01-BE26-489C-874D-D6F6EC42CFAB}
	EndGlobalSection
EndGlobal
